
Microsoft Visual Studio Solution File, Format Version 12.00
# Visual Studio Version 16
VisualStudioVersion = 16.0.30330.147
MinimumVisualStudioVersion = 10.0.40219.1
Project("{FAE04EC0-301F-11D3-BF4B-00C04F79EFBC}") = "Group_Project", "Group_Project\Group_Project.csproj", "{12FBAC5D-CB59-463D-B130-4BA94ABB7A78}"
EndProject
Global
	GlobalSection(SolutionConfigurationPlatforms) = preSolution
		Debug|Any CPU = Debug|Any CPU
		Release|Any CPU = Release|Any CPU
	EndGlobalSection
	GlobalSection(ProjectConfigurationPlatforms) = postSolution
		{12FBAC5D-CB59-463D-B130-4BA94ABB7A78}.Debug|Any CPU.ActiveCfg = Debug|Any CPU
		{12FBAC5D-CB59-463D-B130-4BA94ABB7A78}.Debug|Any CPU.Build.0 = Debug|Any CPU
		{12FBAC5D-CB59-463D-B130-4BA94ABB7A78}.Release|Any CPU.ActiveCfg = Release|Any CPU
		{12FBAC5D-CB59-463D-B130-4BA94ABB7A78}.Release|Any CPU.Build.0 = Release|Any CPU
	EndGlobalSection
	GlobalSection(SolutionProperties) = preSolution
		HideSolutionNode = FALSE
	EndGlobalSection
	GlobalSection(ExtensibilityGlobals) = postSolution
		SolutionGuid = {F5F92CA0-C171-4F2C-94F8-4C767659E84A}
	EndGlobalSection
EndGlobal
